
Microsoft Visual Studio Solution File, Format Version 12.00
# Visual Studio Version 17
VisualStudioVersion = 17.13.35931.197 d17.13
MinimumVisualStudioVersion = 10.0.40219.1
Project("{FAE04EC0-301F-11D3-BF4B-00C04F79EFBC}") = "Shoghlana.API", "Shoghlana.API\Shoghlana.API.csproj", "{3AE42751-9C9A-4127-A739-F7C0F872CC55}"
EndProject
Project("{FAE04EC0-301F-11D3-BF4B-00C04F79EFBC}") = "Shoghlana.Core", "Shoghlana.Core\Shoghlana.Core.csproj", "{4D02D2F3-4CC2-4C7D-B013-0056E9BFC859}"
EndProject
Project("{FAE04EC0-301F-11D3-BF4B-00C04F79EFBC}") = "Shoghlana.EF", "Shoghlana.EF\Shoghlana.EF.csproj", "{D565F85C-02B5-4971-8191-B56418046FEE}"
EndProject
Global
	GlobalSection(SolutionConfigurationPlatforms) = preSolution
		Debug|Any CPU = Debug|Any CPU
		Release|Any CPU = Release|Any CPU
	EndGlobalSection
	GlobalSection(ProjectConfigurationPlatforms) = postSolution
		{3AE42751-9C9A-4127-A739-F7C0F872CC55}.Debug|Any CPU.ActiveCfg = Debug|Any CPU
		{3AE42751-9C9A-4127-A739-F7C0F872CC55}.Debug|Any CPU.Build.0 = Debug|Any CPU
		{3AE42751-9C9A-4127-A739-F7C0F872CC55}.Release|Any CPU.ActiveCfg = Release|Any CPU
		{3AE42751-9C9A-4127-A739-F7C0F872CC55}.Release|Any CPU.Build.0 = Release|Any CPU
		{4D02D2F3-4CC2-4C7D-B013-0056E9BFC859}.Debug|Any CPU.ActiveCfg = Debug|Any CPU
		{4D02D2F3-4CC2-4C7D-B013-0056E9BFC859}.Debug|Any CPU.Build.0 = Debug|Any CPU
		{4D02D2F3-4CC2-4C7D-B013-0056E9BFC859}.Release|Any CPU.ActiveCfg = Release|Any CPU
		{4D02D2F3-4CC2-4C7D-B013-0056E9BFC859}.Release|Any CPU.Build.0 = Release|Any CPU
		{D565F85C-02B5-4971-8191-B56418046FEE}.Debug|Any CPU.ActiveCfg = Debug|Any CPU
		{D565F85C-02B5-4971-8191-B56418046FEE}.Debug|Any CPU.Build.0 = Debug|Any CPU
		{D565F85C-02B5-4971-8191-B56418046FEE}.Release|Any CPU.ActiveCfg = Release|Any CPU
		{D565F85C-02B5-4971-8191-B56418046FEE}.Release|Any CPU.Build.0 = Release|Any CPU
	EndGlobalSection
	GlobalSection(SolutionProperties) = preSolution
		HideSolutionNode = FALSE
	EndGlobalSection
	GlobalSection(ExtensibilityGlobals) = postSolution
		SolutionGuid = {7E9CBC16-BBD3-4FB7-ADA0-35836102A385}
	EndGlobalSection
EndGlobal
