
Microsoft Visual Studio Solution File, Format Version 12.00
# Visual Studio Version 17
VisualStudioVersion = 17.13.35931.197
MinimumVisualStudioVersion = 10.0.40219.1
Project("{FAE04EC0-301F-11D3-BF4B-00C04F79EFBC}") = "Shoghlana.API", "Shoghlana.API\Shoghlana.API.csproj", "{3AE42751-9C9A-4127-A739-F7C0F872CC55}"
EndProject
Project("{FAE04EC0-301F-11D3-BF4B-00C04F79EFBC}") = "Shoghlana.Application", "Shoghlana.Application\Shoghlana.Application.csproj", "{BD7CD694-8386-4248-A239-B1AB1E4B6700}"
EndProject
Project("{FAE04EC0-301F-11D3-BF4B-00C04F79EFBC}") = "Shoghlana.Domain", "Shoghlana.Domain\Shoghlana.Domain.csproj", "{FCB6F13F-BDE7-4AFD-8F03-7B14CA1D91A0}"
EndProject
Project("{FAE04EC0-301F-11D3-BF4B-00C04F79EFBC}") = "Shoghlana.Infrastructure", "Shoghlana.Infrastructure\Shoghlana.Infrastructure.csproj", "{1CF95B42-C0C8-440A-85B4-0DFDDA43F033}"
EndProject
Global
	GlobalSection(SolutionConfigurationPlatforms) = preSolution
		Debug|Any CPU = Debug|Any CPU
		Release|Any CPU = Release|Any CPU
	EndGlobalSection
	GlobalSection(ProjectConfigurationPlatforms) = postSolution
		{3AE42751-9C9A-4127-A739-F7C0F872CC55}.Debug|Any CPU.ActiveCfg = Debug|Any CPU
		{3AE42751-9C9A-4127-A739-F7C0F872CC55}.Debug|Any CPU.Build.0 = Debug|Any CPU
		{3AE42751-9C9A-4127-A739-F7C0F872CC55}.Release|Any CPU.ActiveCfg = Release|Any CPU
		{3AE42751-9C9A-4127-A739-F7C0F872CC55}.Release|Any CPU.Build.0 = Release|Any CPU
		{BD7CD694-8386-4248-A239-B1AB1E4B6700}.Debug|Any CPU.ActiveCfg = Debug|Any CPU
		{BD7CD694-8386-4248-A239-B1AB1E4B6700}.Debug|Any CPU.Build.0 = Debug|Any CPU
		{BD7CD694-8386-4248-A239-B1AB1E4B6700}.Release|Any CPU.ActiveCfg = Release|Any CPU
		{BD7CD694-8386-4248-A239-B1AB1E4B6700}.Release|Any CPU.Build.0 = Release|Any CPU
		{FCB6F13F-BDE7-4AFD-8F03-7B14CA1D91A0}.Debug|Any CPU.ActiveCfg = Debug|Any CPU
		{FCB6F13F-BDE7-4AFD-8F03-7B14CA1D91A0}.Debug|Any CPU.Build.0 = Debug|Any CPU
		{FCB6F13F-BDE7-4AFD-8F03-7B14CA1D91A0}.Release|Any CPU.ActiveCfg = Release|Any CPU
		{FCB6F13F-BDE7-4AFD-8F03-7B14CA1D91A0}.Release|Any CPU.Build.0 = Release|Any CPU
		{1CF95B42-C0C8-440A-85B4-0DFDDA43F033}.Debug|Any CPU.ActiveCfg = Debug|Any CPU
		{1CF95B42-C0C8-440A-85B4-0DFDDA43F033}.Debug|Any CPU.Build.0 = Debug|Any CPU
		{1CF95B42-C0C8-440A-85B4-0DFDDA43F033}.Release|Any CPU.ActiveCfg = Release|Any CPU
		{1CF95B42-C0C8-440A-85B4-0DFDDA43F033}.Release|Any CPU.Build.0 = Release|Any CPU
	EndGlobalSection
	GlobalSection(SolutionProperties) = preSolution
		HideSolutionNode = FALSE
	EndGlobalSection
	GlobalSection(ExtensibilityGlobals) = postSolution
		SolutionGuid = {7E9CBC16-BBD3-4FB7-ADA0-35836102A385}
	EndGlobalSection
EndGlobal
